
Microsoft Visual Studio Solution File, Format Version 12.00
# Visual Studio Version 16
VisualStudioVersion = 16.0.33927.289
MinimumVisualStudioVersion = 10.0.40219.1
Project("{2150E333-8FDC-42A3-9474-1A3956D46DE8}") = "Task0", "Task0", "{93F65EDC-F948-4981-A2F1-AA8B449142E6}"
EndProject
Project("{FAE04EC0-301F-11D3-BF4B-00C04F79EFBC}") = "Tyuiu.PyanzinaMA.Sprint1.Task0.V10", "Tyuiu.PyanzinaMA.Sprint1.Task0.V10\Tyuiu.PyanzinaMA.Sprint1.Task0.V10.csproj", "{EE7A5F11-1870-48E5-AA0D-79C0AEA45B74}"
EndProject
Project("{FAE04EC0-301F-11D3-BF4B-00C04F79EFBC}") = "Tyuiu.PyanzinaMA.Sprint1.Task0.V10.Test", "Tyuiu.PyanzinaMA.Sprint1.Task0.V10.Test\Tyuiu.PyanzinaMA.Sprint1.Task0.V10.Test.csproj", "{7C55403C-A201-4B40-88BA-8708750D21C6}"
EndProject
Project("{FAE04EC0-301F-11D3-BF4B-00C04F79EFBC}") = "Tyuiu.PyanzinaMA.Sprint1.Task0.V10.Lib", "Tyuiu.PyanzinaMA.Sprint1.Task0.V10.Lib\Tyuiu.PyanzinaMA.Sprint1.Task0.V10.Lib.csproj", "{BFE0AD6E-6D38-4C60-A118-06E14E4ACD36}"
EndProject
Project("{2150E333-8FDC-42A3-9474-1A3956D46DE8}") = "Task1", "Task1", "{EF38A4AF-02B2-4A53-80D1-5823015EAB1F}"
EndProject
Project("{FAE04EC0-301F-11D3-BF4B-00C04F79EFBC}") = "Tyuiu.PyanzinaMA.Sprint1.Task1.V22", "Tyuiu.PyanzinaMA.Sprint1.Task1.V22\Tyuiu.PyanzinaMA.Sprint1.Task1.V22.csproj", "{09599620-4E90-4B3A-88E5-258E6C11163F}"
EndProject
Project("{FAE04EC0-301F-11D3-BF4B-00C04F79EFBC}") = "Tyuiu.PyanzinaMA.Sprint1.Task1.V22.Test", "Tyuiu.PyanzinaMA.Sprint1.Task1.V22.Test\Tyuiu.PyanzinaMA.Sprint1.Task1.V22.Test.csproj", "{78AAF5C3-D145-403B-899D-1420A7599DF5}"
EndProject
Project("{FAE04EC0-301F-11D3-BF4B-00C04F79EFBC}") = "Tyuiu.PyanzinaMA.Sprint1.Task1.V22.Lib", "Tyuiu.PyanzinaMA.Sprint1.Task1.V22.Lib\Tyuiu.PyanzinaMA.Sprint1.Task1.V22.Lib.csproj", "{E64AA491-8638-48A5-9CC9-F16BF4C76138}"
EndProject
Project("{2150E333-8FDC-42A3-9474-1A3956D46DE8}") = "Task2", "Task2", "{89AC66D1-0C12-4DF5-A481-70C8B157101C}"
EndProject
Project("{FAE04EC0-301F-11D3-BF4B-00C04F79EFBC}") = "Tyuiu.PyanzinaMA.Sprint1.Task2.V22", "Tyuiu.PyanzinaMA.Sprint1.Task2.V22\Tyuiu.PyanzinaMA.Sprint1.Task2.V22.csproj", "{05BFC8FF-093B-4E3E-89C1-9169847CD25E}"
EndProject
Project("{FAE04EC0-301F-11D3-BF4B-00C04F79EFBC}") = "Tyuiu.PyanzinaMA.Sprint1.Task2.V22.Lib", "Tyuiu.PyanzinaMA.Sprint1.Task2.V22.Lib\Tyuiu.PyanzinaMA.Sprint1.Task2.V22.Lib.csproj", "{DC99976E-C6D2-43C4-A729-5E14526CB647}"
EndProject
Project("{FAE04EC0-301F-11D3-BF4B-00C04F79EFBC}") = "Tyuiu.PyanzinaMA.Sprint1.Task2.V22.Test", "Tyuiu.PyanzinaMA.Sprint1.Task2.V22.Test\Tyuiu.PyanzinaMA.Sprint1.Task2.V22.Test.csproj", "{86548423-AFF9-4B05-8C52-2BE53B123C48}"
EndProject
Project("{2150E333-8FDC-42A3-9474-1A3956D46DE8}") = "Task3", "Task3", "{53F33C44-C347-41A8-A76C-66380B49666B}"
EndProject
Project("{FAE04EC0-301F-11D3-BF4B-00C04F79EFBC}") = "Tyuiu.PyanzinaMA.Sprint1.Task3.V8", "Tyuiu.PyanzinaMA.Sprint1.Task3.V8\Tyuiu.PyanzinaMA.Sprint1.Task3.V8.csproj", "{563BFCDE-BAA7-4BF0-9B97-66FB2C5E34ED}"
EndProject
Project("{FAE04EC0-301F-11D3-BF4B-00C04F79EFBC}") = "Tyuiu.PyanzinaMA.Sprint1.Task3.V8.Lib", "Tyuiu.PyanzinaMA.Sprint1.Task3.V8.Lib\Tyuiu.PyanzinaMA.Sprint1.Task3.V8.Lib.csproj", "{AC2FBAF2-067C-4B71-9FCE-0F1D696BD093}"
EndProject
Project("{FAE04EC0-301F-11D3-BF4B-00C04F79EFBC}") = "Tyuiu.PyanzinaMA.Sprint1.Task3.V8.Test", "Tyuiu.PyanzinaMA.Sprint1.Task3.V8.Test\Tyuiu.PyanzinaMA.Sprint1.Task3.V8.Test.csproj", "{CD9D4A54-3B30-4B84-92CC-D06779F1A7DB}"
EndProject
Project("{2150E333-8FDC-42A3-9474-1A3956D46DE8}") = "Task4", "Task4", "{62A43D17-3CDA-4255-B3B5-B6A490D8823D}"
EndProject
Project("{FAE04EC0-301F-11D3-BF4B-00C04F79EFBC}") = "Tyuiu.PyanzinaMA.Sprint1.Task4.V24.Lib", "Tyuiu.PyanzinaMA.Sprint1.Task4.V24.Lib\Tyuiu.PyanzinaMA.Sprint1.Task4.V24.Lib.csproj", "{4F530F8D-43CE-4FAA-98AB-6ED3D355E7CA}"
EndProject
Project("{FAE04EC0-301F-11D3-BF4B-00C04F79EFBC}") = "Tyuiu.PyanzinaMA.Sprint1.Task4.V24.Test", "Tyuiu.PyanzinaMA.Sprint1.Task4.V24.Test\Tyuiu.PyanzinaMA.Sprint1.Task4.V24.Test.csproj", "{E6D38C77-92A7-4803-91EB-8173E1F81E5C}"
EndProject
Project("{FAE04EC0-301F-11D3-BF4B-00C04F79EFBC}") = "Tyuiu.PyanzinaMA.Sprint1.Task4.V24", "Tyuiu.PyanzinaMA.Sprint1.Task4.V24\Tyuiu.PyanzinaMA.Sprint1.Task4.V24.csproj", "{F9BD0140-0310-4C8C-B1EE-1286F3D93034}"
EndProject
Project("{2150E333-8FDC-42A3-9474-1A3956D46DE8}") = "Task5", "Task5", "{8B17696E-F107-4E48-A4CD-C5D091371AA9}"
EndProject
Project("{FAE04EC0-301F-11D3-BF4B-00C04F79EFBC}") = "Tyuiu.PyanzinaMA.Sprint1.Task5.V3", "Tyuiu.PyanzinaMA.Sprint1.Task5.V3\Tyuiu.PyanzinaMA.Sprint1.Task5.V3.csproj", "{EBFB1E84-EA6E-42B6-9E3E-C0EE408F39DC}"
EndProject
Project("{FAE04EC0-301F-11D3-BF4B-00C04F79EFBC}") = "Tyuiu.PyanzinaMA.Sprint1.Task5.V3.Test", "Tyuiu.PyanzinaMA.Sprint1.Task5.V3.Test\Tyuiu.PyanzinaMA.Sprint1.Task5.V3.Test.csproj", "{F24CC631-BCDA-4F0B-A755-F88776DBEB4B}"
EndProject
Project("{FAE04EC0-301F-11D3-BF4B-00C04F79EFBC}") = "Tyuiu.PyanzinaMA.Sprint1.Task5.V3.Lib", "Tyuiu.PyanzinaMA.Sprint1.Task5.V3.Lib\Tyuiu.PyanzinaMA.Sprint1.Task5.V3.Lib.csproj", "{72805431-4BE5-4E47-A297-7FB4840553B9}"
EndProject
Global
	GlobalSection(SolutionConfigurationPlatforms) = preSolution
		Debug|Any CPU = Debug|Any CPU
		Release|Any CPU = Release|Any CPU
	EndGlobalSection
	GlobalSection(ProjectConfigurationPlatforms) = postSolution
		{EE7A5F11-1870-48E5-AA0D-79C0AEA45B74}.Debug|Any CPU.ActiveCfg = Debug|Any CPU
		{EE7A5F11-1870-48E5-AA0D-79C0AEA45B74}.Debug|Any CPU.Build.0 = Debug|Any CPU
		{EE7A5F11-1870-48E5-AA0D-79C0AEA45B74}.Release|Any CPU.ActiveCfg = Release|Any CPU
		{EE7A5F11-1870-48E5-AA0D-79C0AEA45B74}.Release|Any CPU.Build.0 = Release|Any CPU
		{7C55403C-A201-4B40-88BA-8708750D21C6}.Debug|Any CPU.ActiveCfg = Debug|Any CPU
		{7C55403C-A201-4B40-88BA-8708750D21C6}.Debug|Any CPU.Build.0 = Debug|Any CPU
		{7C55403C-A201-4B40-88BA-8708750D21C6}.Release|Any CPU.ActiveCfg = Release|Any CPU
		{7C55403C-A201-4B40-88BA-8708750D21C6}.Release|Any CPU.Build.0 = Release|Any CPU
		{BFE0AD6E-6D38-4C60-A118-06E14E4ACD36}.Debug|Any CPU.ActiveCfg = Debug|Any CPU
		{BFE0AD6E-6D38-4C60-A118-06E14E4ACD36}.Debug|Any CPU.Build.0 = Debug|Any CPU
		{BFE0AD6E-6D38-4C60-A118-06E14E4ACD36}.Release|Any CPU.ActiveCfg = Release|Any CPU
		{BFE0AD6E-6D38-4C60-A118-06E14E4ACD36}.Release|Any CPU.Build.0 = Release|Any CPU
		{09599620-4E90-4B3A-88E5-258E6C11163F}.Debug|Any CPU.ActiveCfg = Debug|Any CPU
		{09599620-4E90-4B3A-88E5-258E6C11163F}.Debug|Any CPU.Build.0 = Debug|Any CPU
		{09599620-4E90-4B3A-88E5-258E6C11163F}.Release|Any CPU.ActiveCfg = Release|Any CPU
		{09599620-4E90-4B3A-88E5-258E6C11163F}.Release|Any CPU.Build.0 = Release|Any CPU
		{78AAF5C3-D145-403B-899D-1420A7599DF5}.Debug|Any CPU.ActiveCfg = Debug|Any CPU
		{78AAF5C3-D145-403B-899D-1420A7599DF5}.Debug|Any CPU.Build.0 = Debug|Any CPU
		{78AAF5C3-D145-403B-899D-1420A7599DF5}.Release|Any CPU.ActiveCfg = Release|Any CPU
		{78AAF5C3-D145-403B-899D-1420A7599DF5}.Release|Any CPU.Build.0 = Release|Any CPU
		{E64AA491-8638-48A5-9CC9-F16BF4C76138}.Debug|Any CPU.ActiveCfg = Debug|Any CPU
		{E64AA491-8638-48A5-9CC9-F16BF4C76138}.Debug|Any CPU.Build.0 = Debug|Any CPU
		{E64AA491-8638-48A5-9CC9-F16BF4C76138}.Release|Any CPU.ActiveCfg = Release|Any CPU
		{E64AA491-8638-48A5-9CC9-F16BF4C76138}.Release|Any CPU.Build.0 = Release|Any CPU
		{05BFC8FF-093B-4E3E-89C1-9169847CD25E}.Debug|Any CPU.ActiveCfg = Debug|Any CPU
		{05BFC8FF-093B-4E3E-89C1-9169847CD25E}.Debug|Any CPU.Build.0 = Debug|Any CPU
		{05BFC8FF-093B-4E3E-89C1-9169847CD25E}.Release|Any CPU.ActiveCfg = Release|Any CPU
		{05BFC8FF-093B-4E3E-89C1-9169847CD25E}.Release|Any CPU.Build.0 = Release|Any CPU
		{DC99976E-C6D2-43C4-A729-5E14526CB647}.Debug|Any CPU.ActiveCfg = Debug|Any CPU
		{DC99976E-C6D2-43C4-A729-5E14526CB647}.Debug|Any CPU.Build.0 = Debug|Any CPU
		{DC99976E-C6D2-43C4-A729-5E14526CB647}.Release|Any CPU.ActiveCfg = Release|Any CPU
		{DC99976E-C6D2-43C4-A729-5E14526CB647}.Release|Any CPU.Build.0 = Release|Any CPU
		{86548423-AFF9-4B05-8C52-2BE53B123C48}.Debug|Any CPU.ActiveCfg = Debug|Any CPU
		{86548423-AFF9-4B05-8C52-2BE53B123C48}.Debug|Any CPU.Build.0 = Debug|Any CPU
		{86548423-AFF9-4B05-8C52-2BE53B123C48}.Release|Any CPU.ActiveCfg = Release|Any CPU
		{86548423-AFF9-4B05-8C52-2BE53B123C48}.Release|Any CPU.Build.0 = Release|Any CPU
		{563BFCDE-BAA7-4BF0-9B97-66FB2C5E34ED}.Debug|Any CPU.ActiveCfg = Debug|Any CPU
		{563BFCDE-BAA7-4BF0-9B97-66FB2C5E34ED}.Debug|Any CPU.Build.0 = Debug|Any CPU
		{563BFCDE-BAA7-4BF0-9B97-66FB2C5E34ED}.Release|Any CPU.ActiveCfg = Release|Any CPU
		{563BFCDE-BAA7-4BF0-9B97-66FB2C5E34ED}.Release|Any CPU.Build.0 = Release|Any CPU
		{AC2FBAF2-067C-4B71-9FCE-0F1D696BD093}.Debug|Any CPU.ActiveCfg = Debug|Any CPU
		{AC2FBAF2-067C-4B71-9FCE-0F1D696BD093}.Debug|Any CPU.Build.0 = Debug|Any CPU
		{AC2FBAF2-067C-4B71-9FCE-0F1D696BD093}.Release|Any CPU.ActiveCfg = Release|Any CPU
		{AC2FBAF2-067C-4B71-9FCE-0F1D696BD093}.Release|Any CPU.Build.0 = Release|Any CPU
		{CD9D4A54-3B30-4B84-92CC-D06779F1A7DB}.Debug|Any CPU.ActiveCfg = Debug|Any CPU
		{CD9D4A54-3B30-4B84-92CC-D06779F1A7DB}.Debug|Any CPU.Build.0 = Debug|Any CPU
		{CD9D4A54-3B30-4B84-92CC-D06779F1A7DB}.Release|Any CPU.ActiveCfg = Release|Any CPU
		{CD9D4A54-3B30-4B84-92CC-D06779F1A7DB}.Release|Any CPU.Build.0 = Release|Any CPU
		{4F530F8D-43CE-4FAA-98AB-6ED3D355E7CA}.Debug|Any CPU.ActiveCfg = Debug|Any CPU
		{4F530F8D-43CE-4FAA-98AB-6ED3D355E7CA}.Debug|Any CPU.Build.0 = Debug|Any CPU
		{4F530F8D-43CE-4FAA-98AB-6ED3D355E7CA}.Release|Any CPU.ActiveCfg = Release|Any CPU
		{4F530F8D-43CE-4FAA-98AB-6ED3D355E7CA}.Release|Any CPU.Build.0 = Release|Any CPU
		{E6D38C77-92A7-4803-91EB-8173E1F81E5C}.Debug|Any CPU.ActiveCfg = Debug|Any CPU
		{E6D38C77-92A7-4803-91EB-8173E1F81E5C}.Debug|Any CPU.Build.0 = Debug|Any CPU
		{E6D38C77-92A7-4803-91EB-8173E1F81E5C}.Release|Any CPU.ActiveCfg = Release|Any CPU
		{E6D38C77-92A7-4803-91EB-8173E1F81E5C}.Release|Any CPU.Build.0 = Release|Any CPU
		{F9BD0140-0310-4C8C-B1EE-1286F3D93034}.Debug|Any CPU.ActiveCfg = Debug|Any CPU
		{F9BD0140-0310-4C8C-B1EE-1286F3D93034}.Debug|Any CPU.Build.0 = Debug|Any CPU
		{F9BD0140-0310-4C8C-B1EE-1286F3D93034}.Release|Any CPU.ActiveCfg = Release|Any CPU
		{F9BD0140-0310-4C8C-B1EE-1286F3D93034}.Release|Any CPU.Build.0 = Release|Any CPU
		{EBFB1E84-EA6E-42B6-9E3E-C0EE408F39DC}.Debug|Any CPU.ActiveCfg = Debug|Any CPU
		{EBFB1E84-EA6E-42B6-9E3E-C0EE408F39DC}.Debug|Any CPU.Build.0 = Debug|Any CPU
		{EBFB1E84-EA6E-42B6-9E3E-C0EE408F39DC}.Release|Any CPU.ActiveCfg = Release|Any CPU
		{EBFB1E84-EA6E-42B6-9E3E-C0EE408F39DC}.Release|Any CPU.Build.0 = Release|Any CPU
		{F24CC631-BCDA-4F0B-A755-F88776DBEB4B}.Debug|Any CPU.ActiveCfg = Debug|Any CPU
		{F24CC631-BCDA-4F0B-A755-F88776DBEB4B}.Debug|Any CPU.Build.0 = Debug|Any CPU
		{F24CC631-BCDA-4F0B-A755-F88776DBEB4B}.Release|Any CPU.ActiveCfg = Release|Any CPU
		{F24CC631-BCDA-4F0B-A755-F88776DBEB4B}.Release|Any CPU.Build.0 = Release|Any CPU
		{72805431-4BE5-4E47-A297-7FB4840553B9}.Debug|Any CPU.ActiveCfg = Debug|Any CPU
		{72805431-4BE5-4E47-A297-7FB4840553B9}.Debug|Any CPU.Build.0 = Debug|Any CPU
		{72805431-4BE5-4E47-A297-7FB4840553B9}.Release|Any CPU.ActiveCfg = Release|Any CPU
		{72805431-4BE5-4E47-A297-7FB4840553B9}.Release|Any CPU.Build.0 = Release|Any CPU
	EndGlobalSection
	GlobalSection(SolutionProperties) = preSolution
		HideSolutionNode = FALSE
	EndGlobalSection
	GlobalSection(NestedProjects) = preSolution
		{EE7A5F11-1870-48E5-AA0D-79C0AEA45B74} = {93F65EDC-F948-4981-A2F1-AA8B449142E6}
		{7C55403C-A201-4B40-88BA-8708750D21C6} = {93F65EDC-F948-4981-A2F1-AA8B449142E6}
		{BFE0AD6E-6D38-4C60-A118-06E14E4ACD36} = {93F65EDC-F948-4981-A2F1-AA8B449142E6}
		{09599620-4E90-4B3A-88E5-258E6C11163F} = {EF38A4AF-02B2-4A53-80D1-5823015EAB1F}
		{78AAF5C3-D145-403B-899D-1420A7599DF5} = {EF38A4AF-02B2-4A53-80D1-5823015EAB1F}
		{E64AA491-8638-48A5-9CC9-F16BF4C76138} = {EF38A4AF-02B2-4A53-80D1-5823015EAB1F}
		{05BFC8FF-093B-4E3E-89C1-9169847CD25E} = {89AC66D1-0C12-4DF5-A481-70C8B157101C}
		{DC99976E-C6D2-43C4-A729-5E14526CB647} = {89AC66D1-0C12-4DF5-A481-70C8B157101C}
		{86548423-AFF9-4B05-8C52-2BE53B123C48} = {89AC66D1-0C12-4DF5-A481-70C8B157101C}
		{563BFCDE-BAA7-4BF0-9B97-66FB2C5E34ED} = {53F33C44-C347-41A8-A76C-66380B49666B}
		{AC2FBAF2-067C-4B71-9FCE-0F1D696BD093} = {53F33C44-C347-41A8-A76C-66380B49666B}
		{CD9D4A54-3B30-4B84-92CC-D06779F1A7DB} = {53F33C44-C347-41A8-A76C-66380B49666B}
		{4F530F8D-43CE-4FAA-98AB-6ED3D355E7CA} = {62A43D17-3CDA-4255-B3B5-B6A490D8823D}
		{E6D38C77-92A7-4803-91EB-8173E1F81E5C} = {62A43D17-3CDA-4255-B3B5-B6A490D8823D}
		{F9BD0140-0310-4C8C-B1EE-1286F3D93034} = {62A43D17-3CDA-4255-B3B5-B6A490D8823D}
		{EBFB1E84-EA6E-42B6-9E3E-C0EE408F39DC} = {8B17696E-F107-4E48-A4CD-C5D091371AA9}
		{F24CC631-BCDA-4F0B-A755-F88776DBEB4B} = {8B17696E-F107-4E48-A4CD-C5D091371AA9}
		{72805431-4BE5-4E47-A297-7FB4840553B9} = {8B17696E-F107-4E48-A4CD-C5D091371AA9}
	EndGlobalSection
	GlobalSection(ExtensibilityGlobals) = postSolution
		SolutionGuid = {9455361C-7AB8-409C-BC57-99BBBC9FD754}
	EndGlobalSection
EndGlobal
